
Microsoft Visual Studio Solution File, Format Version 12.00
# Visual Studio Version 17
VisualStudioVersion = 17.10.35027.167
MinimumVisualStudioVersion = 10.0.40219.1
Project("{FAE04EC0-301F-11D3-BF4B-00C04F79EFBC}") = "opentelemetry2", "opentelemetry2\opentelemetry2.csproj", "{F56848ED-F851-4526-963E-4D829254ACC7}"
EndProject
Project("{FAE04EC0-301F-11D3-BF4B-00C04F79EFBC}") = "opentelemetry3", "opentelemetry3\opentelemetry3.csproj", "{DD029B85-7201-4272-8087-0C1D10B411E7}"
EndProject
Project("{E53339B2-1760-4266-BCC7-CA923CBCF16C}") = "docker-compose", "docker-compose.dcproj", "{94B46606-1C6C-48B4-9BF0-6E9D50CCCA32}"
EndProject
Global
	GlobalSection(SolutionConfigurationPlatforms) = preSolution
		Debug|Any CPU = Debug|Any CPU
		Release|Any CPU = Release|Any CPU
	EndGlobalSection
	GlobalSection(ProjectConfigurationPlatforms) = postSolution
		{F56848ED-F851-4526-963E-4D829254ACC7}.Debug|Any CPU.ActiveCfg = Debug|Any CPU
		{F56848ED-F851-4526-963E-4D829254ACC7}.Debug|Any CPU.Build.0 = Debug|Any CPU
		{F56848ED-F851-4526-963E-4D829254ACC7}.Release|Any CPU.ActiveCfg = Release|Any CPU
		{F56848ED-F851-4526-963E-4D829254ACC7}.Release|Any CPU.Build.0 = Release|Any CPU
		{DD029B85-7201-4272-8087-0C1D10B411E7}.Debug|Any CPU.ActiveCfg = Debug|Any CPU
		{DD029B85-7201-4272-8087-0C1D10B411E7}.Debug|Any CPU.Build.0 = Debug|Any CPU
		{DD029B85-7201-4272-8087-0C1D10B411E7}.Release|Any CPU.ActiveCfg = Release|Any CPU
		{DD029B85-7201-4272-8087-0C1D10B411E7}.Release|Any CPU.Build.0 = Release|Any CPU
		{94B46606-1C6C-48B4-9BF0-6E9D50CCCA32}.Debug|Any CPU.ActiveCfg = Debug|Any CPU
		{94B46606-1C6C-48B4-9BF0-6E9D50CCCA32}.Debug|Any CPU.Build.0 = Debug|Any CPU
		{94B46606-1C6C-48B4-9BF0-6E9D50CCCA32}.Release|Any CPU.ActiveCfg = Release|Any CPU
		{94B46606-1C6C-48B4-9BF0-6E9D50CCCA32}.Release|Any CPU.Build.0 = Release|Any CPU
	EndGlobalSection
	GlobalSection(SolutionProperties) = preSolution
		HideSolutionNode = FALSE
	EndGlobalSection
	GlobalSection(ExtensibilityGlobals) = postSolution
		SolutionGuid = {0AC16BE7-A21F-475B-8861-19E739B1604E}
	EndGlobalSection
EndGlobal
